
Microsoft Visual Studio Solution File, Format Version 12.00
# Visual Studio Version 16
VisualStudioVersion = 16.0.31624.102
MinimumVisualStudioVersion = 10.0.40219.1
Project("{FAE04EC0-301F-11D3-BF4B-00C04F79EFBC}") = "XML", "XML\XML.csproj", "{B9718151-19AC-40B5-816F-9F6604EDAF4E}"
EndProject
Project("{FAE04EC0-301F-11D3-BF4B-00C04F79EFBC}") = "JSON", "JSON\JSON.csproj", "{854F85C0-3DEA-436B-A56C-CFAA88000832}"
EndProject
Global
	GlobalSection(SolutionConfigurationPlatforms) = preSolution
		Debug|Any CPU = Debug|Any CPU
		Release|Any CPU = Release|Any CPU
	EndGlobalSection
	GlobalSection(ProjectConfigurationPlatforms) = postSolution
		{B9718151-19AC-40B5-816F-9F6604EDAF4E}.Debug|Any CPU.ActiveCfg = Debug|Any CPU
		{B9718151-19AC-40B5-816F-9F6604EDAF4E}.Debug|Any CPU.Build.0 = Debug|Any CPU
		{B9718151-19AC-40B5-816F-9F6604EDAF4E}.Release|Any CPU.ActiveCfg = Release|Any CPU
		{B9718151-19AC-40B5-816F-9F6604EDAF4E}.Release|Any CPU.Build.0 = Release|Any CPU
		{854F85C0-3DEA-436B-A56C-CFAA88000832}.Debug|Any CPU.ActiveCfg = Debug|Any CPU
		{854F85C0-3DEA-436B-A56C-CFAA88000832}.Debug|Any CPU.Build.0 = Debug|Any CPU
		{854F85C0-3DEA-436B-A56C-CFAA88000832}.Release|Any CPU.ActiveCfg = Release|Any CPU
		{854F85C0-3DEA-436B-A56C-CFAA88000832}.Release|Any CPU.Build.0 = Release|Any CPU
	EndGlobalSection
	GlobalSection(SolutionProperties) = preSolution
		HideSolutionNode = FALSE
	EndGlobalSection
	GlobalSection(ExtensibilityGlobals) = postSolution
		SolutionGuid = {5C57DFA5-7AA5-4EC8-A0DF-6850A7F086A7}
	EndGlobalSection
EndGlobal
